
Microsoft Visual Studio Solution File, Format Version 12.00
# Visual Studio Version 16
VisualStudioVersion = 16.0.29503.13
MinimumVisualStudioVersion = 10.0.40219.1
Project("{F184B08F-C81C-45F6-A57F-5ABD9991F28F}") = "Kasa1", "Kasa1\Kasa1.vbproj", "{CA0A15E0-B19E-4F24-8A4C-9B1A3A4972CD}"
EndProject
Global
	GlobalSection(SolutionConfigurationPlatforms) = preSolution
		Debug|Any CPU = Debug|Any CPU
		Release|Any CPU = Release|Any CPU
	EndGlobalSection
	GlobalSection(ProjectConfigurationPlatforms) = postSolution
		{CA0A15E0-B19E-4F24-8A4C-9B1A3A4972CD}.Debug|Any CPU.ActiveCfg = Debug|Any CPU
		{CA0A15E0-B19E-4F24-8A4C-9B1A3A4972CD}.Debug|Any CPU.Build.0 = Debug|Any CPU
		{CA0A15E0-B19E-4F24-8A4C-9B1A3A4972CD}.Release|Any CPU.ActiveCfg = Release|Any CPU
		{CA0A15E0-B19E-4F24-8A4C-9B1A3A4972CD}.Release|Any CPU.Build.0 = Release|Any CPU
	EndGlobalSection
	GlobalSection(SolutionProperties) = preSolution
		HideSolutionNode = FALSE
	EndGlobalSection
	GlobalSection(ExtensibilityGlobals) = postSolution
		SolutionGuid = {B6045C6E-BD08-4CBB-A457-4D60722B52B9}
	EndGlobalSection
EndGlobal
